{
  "name": "aura",
  "version": "1.0.0",
  "lockfileVersion": 3,
  "requires": true,
  "packages": {
    "": {
      "name": "aura",
      "version": "1.0.0",
      "license": "ISC",
      "dependencies": {
        "react-allergens": "^0.2.1"
      },
      "devDependencies": {
        "husky": "^9.0.11"
      }
    },
    "node_modules/husky": {
      "version": "9.0.11",
      "resolved": "https://registry.npmjs.org/husky/-/husky-9.0.11.tgz",
      "integrity": "sha512-AB6lFlbwwyIqMdHYhwPe+kjOC3Oc5P3nThEoW/AaO2BX3vJDjWPFxYLxokUZOo6RNX20He3AaT8sESs9NJcmEw==",
      "dev": true,
      "bin": {
        "husky": "bin.mjs"
      },
      "engines": {
        "node": ">=18"
      },
      "funding": {
        "url": "https://github.com/sponsors/typicode"
      }
    },
    "node_modules/react-allergens": {
      "version": "0.2.1",
      "resolved": "https://registry.npmjs.org/react-allergens/-/react-allergens-0.2.1.tgz",
      "integrity": "sha512-EVi8GZJo4j39F+UOApLN46rP34tHeIFeQjBYc5592hmo2C0yxSATGLRtbwjMxutLg0n/LDw84wGV7fTqAreS1Q=="
    }
  }
}
